
Microsoft Visual Studio Solution File, Format Version 12.00
# Visual Studio Version 17
VisualStudioVersion = 17.14.36518.9 d17.14
MinimumVisualStudioVersion = 10.0.40219.1
Project("{FAE04EC0-301F-11D3-BF4B-00C04F79EFBC}") = "QuestionGame", "QuestionGame\QuestionGame.csproj", "{E161B775-10F7-405F-BD28-0B9F9E2C381A}"
EndProject
Global
	GlobalSection(SolutionConfigurationPlatforms) = preSolution
		Debug|Any CPU = Debug|Any CPU
		Release|Any CPU = Release|Any CPU
	EndGlobalSection
	GlobalSection(ProjectConfigurationPlatforms) = postSolution
		{E161B775-10F7-405F-BD28-0B9F9E2C381A}.Debug|Any CPU.ActiveCfg = Debug|Any CPU
		{E161B775-10F7-405F-BD28-0B9F9E2C381A}.Debug|Any CPU.Build.0 = Debug|Any CPU
		{E161B775-10F7-405F-BD28-0B9F9E2C381A}.Release|Any CPU.ActiveCfg = Release|Any CPU
		{E161B775-10F7-405F-BD28-0B9F9E2C381A}.Release|Any CPU.Build.0 = Release|Any CPU
	EndGlobalSection
	GlobalSection(SolutionProperties) = preSolution
		HideSolutionNode = FALSE
	EndGlobalSection
	GlobalSection(ExtensibilityGlobals) = postSolution
		SolutionGuid = {7C12648A-76ED-4E01-93A8-E65430EAE518}
	EndGlobalSection
EndGlobal
